// !$*UTF8*$!
{
	archiveVersion = 1;
	classes = {
	};
	objectVersion = 48;
	objects = {

/* Begin PBXBuildFile section */
		02D44B60B28AED06E01DA503 /* Pods_OsirisIOSTests.framework in Frameworks */ = {isa = PBXBuildFile; fileRef = C48664F4B3572717A99D0762 /* Pods_OsirisIOSTests.framework */; };
		5CCCE091FCB6BA16544E81AD /* Pods_OsirisIOSUITests.framework in Frameworks */ = {isa = PBXBuildFile; fileRef = 92187EF85FC55DAB90902794 /* Pods_OsirisIOSUITests.framework */; };
		5E91E3466ED794CF14448019 /* Pods_OsirisIOS.framework in Frameworks */ = {isa = PBXBuildFile; fileRef = A446B88B615429978B710BF0 /* Pods_OsirisIOS.framework */; };
		E181EAE520574A08006BB69D /* AcousticModelEnglish.bundle in Resources */ = {isa = PBXBuildFile; fileRef = E181EAE220574A05006BB69D /* AcousticModelEnglish.bundle */; };
		E181EAE620574A08006BB69D /* OpenEars.framework in Frameworks */ = {isa = PBXBuildFile; fileRef = E181EAE320574A08006BB69D /* OpenEars.framework */; };
		E181EAE720574A08006BB69D /* Slt.framework in Frameworks */ = {isa = PBXBuildFile; fileRef = E181EAE420574A08006BB69D /* Slt.framework */; };
		E181EAE920574A3D006BB69D /* AVFoundation.framework in Frameworks */ = {isa = PBXBuildFile; fileRef = E181EAE820574A3D006BB69D /* AVFoundation.framework */; };
		E1C8338520549008001BFE53 /* AppDelegate.swift in Sources */ = {isa = PBXBuildFile; fileRef = E1C8338420549008001BFE53 /* AppDelegate.swift */; };
		E1C8338720549008001BFE53 /* ViewController.swift in Sources */ = {isa = PBXBuildFile; fileRef = E1C8338620549008001BFE53 /* ViewController.swift */; };
		E1C8338A20549008001BFE53 /* Main.storyboard in Resources */ = {isa = PBXBuildFile; fileRef = E1C8338820549008001BFE53 /* Main.storyboard */; };
		E1C8338C20549008001BFE53 /* Assets.xcassets in Resources */ = {isa = PBXBuildFile; fileRef = E1C8338B20549008001BFE53 /* Assets.xcassets */; };
		E1C8338F20549008001BFE53 /* LaunchScreen.storyboard in Resources */ = {isa = PBXBuildFile; fileRef = E1C8338D20549008001BFE53 /* LaunchScreen.storyboard */; };
		E1C8339A20549008001BFE53 /* OsirisIOSTests.swift in Sources */ = {isa = PBXBuildFile; fileRef = E1C8339920549008001BFE53 /* OsirisIOSTests.swift */; };
		E1C833A520549008001BFE53 /* OsirisIOSUITests.swift in Sources */ = {isa = PBXBuildFile; fileRef = E1C833A420549008001BFE53 /* OsirisIOSUITests.swift */; };
		E1C833B32054B814001BFE53 /* SelectionViewController.swift in Sources */ = {isa = PBXBuildFile; fileRef = E1C833B22054B814001BFE53 /* SelectionViewController.swift */; };
		E1C833B52054B825001BFE53 /* DisplayCharacterViewController.swift in Sources */ = {isa = PBXBuildFile; fileRef = E1C833B42054B825001BFE53 /* DisplayCharacterViewController.swift */; };
		E1C833B72054B8E6001BFE53 /* User.swift in Sources */ = {isa = PBXBuildFile; fileRef = E1C833B62054B8E6001BFE53 /* User.swift */; };
/* End PBXBuildFile section */

/* Begin PBXContainerItemProxy section */
		E1C8339620549008001BFE53 /* PBXContainerItemProxy */ = {
			isa = PBXContainerItemProxy;
			containerPortal = E1C8337920549008001BFE53 /* Project object */;
			proxyType = 1;
			remoteGlobalIDString = E1C8338020549008001BFE53;
			remoteInfo = OsirisIOS;
		};
		E1C833A120549008001BFE53 /* PBXContainerItemProxy */ = {
			isa = PBXContainerItemProxy;
			containerPortal = E1C8337920549008001BFE53 /* Project object */;
			proxyType = 1;
			remoteGlobalIDString = E1C8338020549008001BFE53;
			remoteInfo = OsirisIOS;
		};
/* End PBXContainerItemProxy section */

/* Begin PBXFileReference section */
		5ECAB222949447FA471B8194 /* Pods-OsirisIOSTests.debug.xcconfig */ = {isa = PBXFileReference; includeInIndex = 1; lastKnownFileType = text.xcconfig; name = "Pods-OsirisIOSTests.debug.xcconfig"; path = "Pods/Target Support Files/Pods-OsirisIOSTests/Pods-OsirisIOSTests.debug.xcconfig"; sourceTree = "<group>"; };
		92187EF85FC55DAB90902794 /* Pods_OsirisIOSUITests.framework */ = {isa = PBXFileReference; explicitFileType = wrapper.framework; includeInIndex = 0; path = Pods_OsirisIOSUITests.framework; sourceTree = BUILT_PRODUCTS_DIR; };
		9A8B75E6F09156AED3049738 /* Pods-OsirisIOS.release.xcconfig */ = {isa = PBXFileReference; includeInIndex = 1; lastKnownFileType = text.xcconfig; name = "Pods-OsirisIOS.release.xcconfig"; path = "Pods/Target Support Files/Pods-OsirisIOS/Pods-OsirisIOS.release.xcconfig"; sourceTree = "<group>"; };
		A2EA0C059C21AF881F11380B /* Pods-OsirisIOS.debug.xcconfig */ = {isa = PBXFileReference; includeInIndex = 1; lastKnownFileType = text.xcconfig; name = "Pods-OsirisIOS.debug.xcconfig"; path = "Pods/Target Support Files/Pods-OsirisIOS/Pods-OsirisIOS.debug.xcconfig"; sourceTree = "<group>"; };
		A446B88B615429978B710BF0 /* Pods_OsirisIOS.framework */ = {isa = PBXFileReference; explicitFileType = wrapper.framework; includeInIndex = 0; path = Pods_OsirisIOS.framework; sourceTree = BUILT_PRODUCTS_DIR; };
		C48664F4B3572717A99D0762 /* Pods_OsirisIOSTests.framework */ = {isa = PBXFileReference; explicitFileType = wrapper.framework; includeInIndex = 0; path = Pods_OsirisIOSTests.framework; sourceTree = BUILT_PRODUCTS_DIR; };
		CC0D4729EFC4DF8EA5812873 /* Pods-OsirisIOSUITests.release.xcconfig */ = {isa = PBXFileReference; includeInIndex = 1; lastKnownFileType = text.xcconfig; name = "Pods-OsirisIOSUITests.release.xcconfig"; path = "Pods/Target Support Files/Pods-OsirisIOSUITests/Pods-OsirisIOSUITests.release.xcconfig"; sourceTree = "<group>"; };
		DE3CD1A062715DA8698A784F /* Pods-OsirisIOSTests.release.xcconfig */ = {isa = PBXFileReference; includeInIndex = 1; lastKnownFileType = text.xcconfig; name = "Pods-OsirisIOSTests.release.xcconfig"; path = "Pods/Target Support Files/Pods-OsirisIOSTests/Pods-OsirisIOSTests.release.xcconfig"; sourceTree = "<group>"; };
		E181EAE220574A05006BB69D /* AcousticModelEnglish.bundle */ = {isa = PBXFileReference; lastKnownFileType = "wrapper.plug-in"; path = AcousticModelEnglish.bundle; sourceTree = "<group>"; };
		E181EAE320574A08006BB69D /* OpenEars.framework */ = {isa = PBXFileReference; lastKnownFileType = wrapper.framework; path = OpenEars.framework; sourceTree = "<group>"; };
		E181EAE420574A08006BB69D /* Slt.framework */ = {isa = PBXFileReference; lastKnownFileType = wrapper.framework; name = Slt.framework; path = ../../../../Downloads/OpenEarsDistribution/Framework/Slt.framework; sourceTree = "<group>"; };
		E181EAE820574A3D006BB69D /* AVFoundation.framework */ = {isa = PBXFileReference; lastKnownFileType = wrapper.framework; name = AVFoundation.framework; path = System/Library/Frameworks/AVFoundation.framework; sourceTree = SDKROOT; };
		E181EAEA20574A8F006BB69D /* OpenEarsHeader.h */ = {isa = PBXFileReference; lastKnownFileType = sourcecode.c.h; path = OpenEarsHeader.h; sourceTree = "<group>"; };
		E1C8338120549008001BFE53 /* OsirisIOS.app */ = {isa = PBXFileReference; explicitFileType = wrapper.application; includeInIndex = 0; path = OsirisIOS.app; sourceTree = BUILT_PRODUCTS_DIR; };
		E1C8338420549008001BFE53 /* AppDelegate.swift */ = {isa = PBXFileReference; lastKnownFileType = sourcecode.swift; path = AppDelegate.swift; sourceTree = "<group>"; };
		E1C8338620549008001BFE53 /* ViewController.swift */ = {isa = PBXFileReference; lastKnownFileType = sourcecode.swift; path = ViewController.swift; sourceTree = "<group>"; };
		E1C8338920549008001BFE53 /* Base */ = {isa = PBXFileReference; lastKnownFileType = file.storyboard; name = Base; path = Base.lproj/Main.storyboard; sourceTree = "<group>"; };
		E1C8338B20549008001BFE53 /* Assets.xcassets */ = {isa = PBXFileReference; lastKnownFileType = folder.assetcatalog; path = Assets.xcassets; sourceTree = "<group>"; };
		E1C8338E20549008001BFE53 /* Base */ = {isa = PBXFileReference; lastKnownFileType = file.storyboard; name = Base; path = Base.lproj/LaunchScreen.storyboard; sourceTree = "<group>"; };
		E1C8339020549008001BFE53 /* Info.plist */ = {isa = PBXFileReference; lastKnownFileType = text.plist.xml; path = Info.plist; sourceTree = "<group>"; };
		E1C8339520549008001BFE53 /* OsirisIOSTests.xctest */ = {isa = PBXFileReference; explicitFileType = wrapper.cfbundle; includeInIndex = 0; path = OsirisIOSTests.xctest; sourceTree = BUILT_PRODUCTS_DIR; };
		E1C8339920549008001BFE53 /* OsirisIOSTests.swift */ = {isa = PBXFileReference; lastKnownFileType = sourcecode.swift; path = OsirisIOSTests.swift; sourceTree = "<group>"; };
		E1C8339B20549008001BFE53 /* Info.plist */ = {isa = PBXFileReference; lastKnownFileType = text.plist.xml; path = Info.plist; sourceTree = "<group>"; };
		E1C833A020549008001BFE53 /* OsirisIOSUITests.xctest */ = {isa = PBXFileReference; explicitFileType = wrapper.cfbundle; includeInIndex = 0; path = OsirisIOSUITests.xctest; sourceTree = BUILT_PRODUCTS_DIR; };
		E1C833A420549008001BFE53 /* OsirisIOSUITests.swift */ = {isa = PBXFileReference; lastKnownFileType = sourcecode.swift; path = OsirisIOSUITests.swift; sourceTree = "<group>"; };
		E1C833A620549008001BFE53 /* Info.plist */ = {isa = PBXFileReference; lastKnownFileType = text.plist.xml; path = Info.plist; sourceTree = "<group>"; };
		E1C833B22054B814001BFE53 /* SelectionViewController.swift */ = {isa = PBXFileReference; lastKnownFileType = sourcecode.swift; path = SelectionViewController.swift; sourceTree = "<group>"; };
		E1C833B42054B825001BFE53 /* DisplayCharacterViewController.swift */ = {isa = PBXFileReference; lastKnownFileType = sourcecode.swift; path = DisplayCharacterViewController.swift; sourceTree = "<group>"; };
		E1C833B62054B8E6001BFE53 /* User.swift */ = {isa = PBXFileReference; lastKnownFileType = sourcecode.swift; path = User.swift; sourceTree = "<group>"; };
		EBBBCF2844FACA71FEABD290 /* Pods-OsirisIOSUITests.debug.xcconfig */ = {isa = PBXFileReference; includeInIndex = 1; lastKnownFileType = text.xcconfig; name = "Pods-OsirisIOSUITests.debug.xcconfig"; path = "Pods/Target Support Files/Pods-OsirisIOSUITests/Pods-OsirisIOSUITests.debug.xcconfig"; sourceTree = "<group>"; };
/* End PBXFileReference section */

/* Begin PBXFrameworksBuildPhase section */
		E1C8337E20549008001BFE53 /* Frameworks */ = {
			isa = PBXFrameworksBuildPhase;
			buildActionMask = 2147483647;
			files = (
				E181EAE920574A3D006BB69D /* AVFoundation.framework in Frameworks */,
				E181EAE720574A08006BB69D /* Slt.framework in Frameworks */,
				5E91E3466ED794CF14448019 /* Pods_OsirisIOS.framework in Frameworks */,
				E181EAE620574A08006BB69D /* OpenEars.framework in Frameworks */,
			);
			runOnlyForDeploymentPostprocessing = 0;
		};
		E1C8339220549008001BFE53 /* Frameworks */ = {
			isa = PBXFrameworksBuildPhase;
			buildActionMask = 2147483647;
			files = (
				02D44B60B28AED06E01DA503 /* Pods_OsirisIOSTests.framework in Frameworks */,
			);
			runOnlyForDeploymentPostprocessing = 0;
		};
		E1C8339D20549008001BFE53 /* Frameworks */ = {
			isa = PBXFrameworksBuildPhase;
			buildActionMask = 2147483647;
			files = (
				5CCCE091FCB6BA16544E81AD /* Pods_OsirisIOSUITests.framework in Frameworks */,
			);
			runOnlyForDeploymentPostprocessing = 0;
		};
/* End PBXFrameworksBuildPhase section */

/* Begin PBXGroup section */
		E1C8337820549008001BFE53 = {
			isa = PBXGroup;
			children = (
				E1C8338320549008001BFE53 /* OsirisIOS */,
				E1C8339820549008001BFE53 /* OsirisIOSTests */,
				E1C833A320549008001BFE53 /* OsirisIOSUITests */,
				E1C8338220549008001BFE53 /* Products */,
				E2808A02A6EEB05DB94C0129 /* Pods */,
				E5F5A7EA2AE2BB28D6E1D6E3 /* Frameworks */,
			);
			sourceTree = "<group>";
		};
		E1C8338220549008001BFE53 /* Products */ = {
			isa = PBXGroup;
			children = (
				E1C8338120549008001BFE53 /* OsirisIOS.app */,
				E1C8339520549008001BFE53 /* OsirisIOSTests.xctest */,
				E1C833A020549008001BFE53 /* OsirisIOSUITests.xctest */,
			);
			name = Products;
			sourceTree = "<group>";
		};
		E1C8338320549008001BFE53 /* OsirisIOS */ = {
			isa = PBXGroup;
			children = (
				E1C8338420549008001BFE53 /* AppDelegate.swift */,
				E1C833B62054B8E6001BFE53 /* User.swift */,
				E1C8338620549008001BFE53 /* ViewController.swift */,
				E1C833B22054B814001BFE53 /* SelectionViewController.swift */,
				E1C833B42054B825001BFE53 /* DisplayCharacterViewController.swift */,
				E1C8338820549008001BFE53 /* Main.storyboard */,
				E1C8338B20549008001BFE53 /* Assets.xcassets */,
				E1C8338D20549008001BFE53 /* LaunchScreen.storyboard */,
				E1C8339020549008001BFE53 /* Info.plist */,
				E181EAEA20574A8F006BB69D /* OpenEarsHeader.h */,
			);
			path = OsirisIOS;
			sourceTree = "<group>";
		};
		E1C8339820549008001BFE53 /* OsirisIOSTests */ = {
			isa = PBXGroup;
			children = (
				E1C8339920549008001BFE53 /* OsirisIOSTests.swift */,
				E1C8339B20549008001BFE53 /* Info.plist */,
			);
			path = OsirisIOSTests;
			sourceTree = "<group>";
		};
		E1C833A320549008001BFE53 /* OsirisIOSUITests */ = {
			isa = PBXGroup;
			children = (
				E1C833A420549008001BFE53 /* OsirisIOSUITests.swift */,
				E1C833A620549008001BFE53 /* Info.plist */,
			);
			path = OsirisIOSUITests;
			sourceTree = "<group>";
		};
		E2808A02A6EEB05DB94C0129 /* Pods */ = {
			isa = PBXGroup;
			children = (
				A2EA0C059C21AF881F11380B /* Pods-OsirisIOS.debug.xcconfig */,
				9A8B75E6F09156AED3049738 /* Pods-OsirisIOS.release.xcconfig */,
				5ECAB222949447FA471B8194 /* Pods-OsirisIOSTests.debug.xcconfig */,
				DE3CD1A062715DA8698A784F /* Pods-OsirisIOSTests.release.xcconfig */,
				EBBBCF2844FACA71FEABD290 /* Pods-OsirisIOSUITests.debug.xcconfig */,
				CC0D4729EFC4DF8EA5812873 /* Pods-OsirisIOSUITests.release.xcconfig */,
			);
			name = Pods;
			sourceTree = "<group>";
		};
		E5F5A7EA2AE2BB28D6E1D6E3 /* Frameworks */ = {
			isa = PBXGroup;
			children = (
				E181EAE820574A3D006BB69D /* AVFoundation.framework */,
				E181EAE220574A05006BB69D /* AcousticModelEnglish.bundle */,
				E181EAE320574A08006BB69D /* OpenEars.framework */,
				E181EAE420574A08006BB69D /* Slt.framework */,
				A446B88B615429978B710BF0 /* Pods_OsirisIOS.framework */,
				C48664F4B3572717A99D0762 /* Pods_OsirisIOSTests.framework */,
				92187EF85FC55DAB90902794 /* Pods_OsirisIOSUITests.framework */,
			);
			name = Frameworks;
			sourceTree = "<group>";
		};
/* End PBXGroup section */

/* Begin PBXNativeTarget section */
		E1C8338020549008001BFE53 /* OsirisIOS */ = {
			isa = PBXNativeTarget;
			buildConfigurationList = E1C833A920549008001BFE53 /* Build configuration list for PBXNativeTarget "OsirisIOS" */;
			buildPhases = (
				AE6F084F470E516E6F07C4EE /* [CP] Check Pods Manifest.lock */,
				E1C8337D20549008001BFE53 /* Sources */,
				E1C8337E20549008001BFE53 /* Frameworks */,
				E1C8337F20549008001BFE53 /* Resources */,
				6B070FBEBBFAE79B60C3D3B6 /* [CP] Embed Pods Frameworks */,
				04EE2336C7A0087AB753F491 /* [CP] Copy Pods Resources */,
				E1C833B82054F5C4001BFE53 /* ShellScript */,
			);
			buildRules = (
			);
			dependencies = (
			);
			name = OsirisIOS;
			productName = OsirisIOS;
			productReference = E1C8338120549008001BFE53 /* OsirisIOS.app */;
			productType = "com.apple.product-type.application";
		};
		E1C8339420549008001BFE53 /* OsirisIOSTests */ = {
			isa = PBXNativeTarget;
			buildConfigurationList = E1C833AC20549008001BFE53 /* Build configuration list for PBXNativeTarget "OsirisIOSTests" */;
			buildPhases = (
				D9DEF69DB9892095152BBBA2 /* [CP] Check Pods Manifest.lock */,
				E1C8339120549008001BFE53 /* Sources */,
				E1C8339220549008001BFE53 /* Frameworks */,
				E1C8339320549008001BFE53 /* Resources */,
				C6EE188B32E3A81FA394C760 /* [CP] Embed Pods Frameworks */,
				FD9316519A1FF707AD7D9CDE /* [CP] Copy Pods Resources */,
			);
			buildRules = (
			);
			dependencies = (
				E1C8339720549008001BFE53 /* PBXTargetDependency */,
			);
			name = OsirisIOSTests;
			productName = OsirisIOSTests;
			productReference = E1C8339520549008001BFE53 /* OsirisIOSTests.xctest */;
			productType = "com.apple.product-type.bundle.unit-test";
		};
		E1C8339F20549008001BFE53 /* OsirisIOSUITests */ = {
			isa = PBXNativeTarget;
			buildConfigurationList = E1C833AF20549008001BFE53 /* Build configuration list for PBXNativeTarget "OsirisIOSUITests" */;
			buildPhases = (
				DB09F69038EE93C52105FABF /* [CP] Check Pods Manifest.lock */,
				E1C8339C20549008001BFE53 /* Sources */,
				E1C8339D20549008001BFE53 /* Frameworks */,
				E1C8339E20549008001BFE53 /* Resources */,
				2C9C08D92B16DD1F602EDCD8 /* [CP] Embed Pods Frameworks */,
				43E568E39335AB044E09F610 /* [CP] Copy Pods Resources */,
			);
			buildRules = (
			);
			dependencies = (
				E1C833A220549008001BFE53 /* PBXTargetDependency */,
			);
			name = OsirisIOSUITests;
			productName = OsirisIOSUITests;
			productReference = E1C833A020549008001BFE53 /* OsirisIOSUITests.xctest */;
			productType = "com.apple.product-type.bundle.ui-testing";
		};
/* End PBXNativeTarget section */

/* Begin PBXProject section */
		E1C8337920549008001BFE53 /* Project object */ = {
			isa = PBXProject;
			attributes = {
				LastSwiftUpdateCheck = 0920;
				LastUpgradeCheck = 0920;
				ORGANIZATIONNAME = "Avinash Jain";
				TargetAttributes = {
					E1C8338020549008001BFE53 = {
						CreatedOnToolsVersion = 9.2;
						ProvisioningStyle = Automatic;
					};
					E1C8339420549008001BFE53 = {
						CreatedOnToolsVersion = 9.2;
						ProvisioningStyle = Automatic;
						TestTargetID = E1C8338020549008001BFE53;
					};
					E1C8339F20549008001BFE53 = {
						CreatedOnToolsVersion = 9.2;
						ProvisioningStyle = Automatic;
						TestTargetID = E1C8338020549008001BFE53;
					};
				};
			};
			buildConfigurationList = E1C8337C20549008001BFE53 /* Build configuration list for PBXProject "OsirisIOS" */;
			compatibilityVersion = "Xcode 8.0";
			developmentRegion = en;
			hasScannedForEncodings = 0;
			knownRegions = (
				en,
				Base,
			);
			mainGroup = E1C8337820549008001BFE53;
			productRefGroup = E1C8338220549008001BFE53 /* Products */;
			projectDirPath = "";
			projectRoot = "";
			targets = (
				E1C8338020549008001BFE53 /* OsirisIOS */,
				E1C8339420549008001BFE53 /* OsirisIOSTests */,
				E1C8339F20549008001BFE53 /* OsirisIOSUITests */,
			);
		};
/* End PBXProject section */

/* Begin PBXResourcesBuildPhase section */
		E1C8337F20549008001BFE53 /* Resources */ = {
			isa = PBXResourcesBuildPhase;
			buildActionMask = 2147483647;
			files = (
				E1C8338F20549008001BFE53 /* LaunchScreen.storyboard in Resources */,
				E181EAE520574A08006BB69D /* AcousticModelEnglish.bundle in Resources */,
				E1C8338C20549008001BFE53 /* Assets.xcassets in Resources */,
				E1C8338A20549008001BFE53 /* Main.storyboard in Resources */,
			);
			runOnlyForDeploymentPostprocessing = 0;
		};
		E1C8339320549008001BFE53 /* Resources */ = {
			isa = PBXResourcesBuildPhase;
			buildActionMask = 2147483647;
			files = (
			);
			runOnlyForDeploymentPostprocessing = 0;
		};
		E1C8339E20549008001BFE53 /* Resources */ = {
			isa = PBXResourcesBuildPhase;
			buildActionMask = 2147483647;
			files = (
			);
			runOnlyForDeploymentPostprocessing = 0;
		};
/* End PBXResourcesBuildPhase section */

/* Begin PBXShellScriptBuildPhase section */
		04EE2336C7A0087AB753F491 /* [CP] Copy Pods Resources */ = {
			isa = PBXShellScriptBuildPhase;
			buildActionMask = 2147483647;
			files = (
			);
			inputPaths = (
			);
			name = "[CP] Copy Pods Resources";
			outputPaths = (
			);
			runOnlyForDeploymentPostprocessing = 0;
			shellPath = /bin/sh;
			shellScript = "\"${SRCROOT}/Pods/Target Support Files/Pods-OsirisIOS/Pods-OsirisIOS-resources.sh\"\n";
			showEnvVarsInLog = 0;
		};
		2C9C08D92B16DD1F602EDCD8 /* [CP] Embed Pods Frameworks */ = {
			isa = PBXShellScriptBuildPhase;
			buildActionMask = 2147483647;
			files = (
			);
			inputPaths = (
			);
			name = "[CP] Embed Pods Frameworks";
			outputPaths = (
			);
			runOnlyForDeploymentPostprocessing = 0;
			shellPath = /bin/sh;
			shellScript = "\"${SRCROOT}/Pods/Target Support Files/Pods-OsirisIOSUITests/Pods-OsirisIOSUITests-frameworks.sh\"\n";
			showEnvVarsInLog = 0;
		};
		43E568E39335AB044E09F610 /* [CP] Copy Pods Resources */ = {
			isa = PBXShellScriptBuildPhase;
			buildActionMask = 2147483647;
			files = (
			);
			inputPaths = (
			);
			name = "[CP] Copy Pods Resources";
			outputPaths = (
			);
			runOnlyForDeploymentPostprocessing = 0;
			shellPath = /bin/sh;
			shellScript = "\"${SRCROOT}/Pods/Target Support Files/Pods-OsirisIOSUITests/Pods-OsirisIOSUITests-resources.sh\"\n";
			showEnvVarsInLog = 0;
		};
		6B070FBEBBFAE79B60C3D3B6 /* [CP] Embed Pods Frameworks */ = {
			isa = PBXShellScriptBuildPhase;
			buildActionMask = 2147483647;
			files = (
			);
			inputPaths = (
				"${SRCROOT}/Pods/Target Support Files/Pods-OsirisIOS/Pods-OsirisIOS-frameworks.sh",
				"${BUILT_PRODUCTS_DIR}/ChameleonFramework/ChameleonFramework.framework",
			);
			name = "[CP] Embed Pods Frameworks";
			outputPaths = (
				"${TARGET_BUILD_DIR}/${FRAMEWORKS_FOLDER_PATH}/ChameleonFramework.framework",
			);
			runOnlyForDeploymentPostprocessing = 0;
			shellPath = /bin/sh;
			shellScript = "\"${SRCROOT}/Pods/Target Support Files/Pods-OsirisIOS/Pods-OsirisIOS-frameworks.sh\"\n";
			showEnvVarsInLog = 0;
		};
		AE6F084F470E516E6F07C4EE /* [CP] Check Pods Manifest.lock */ = {
			isa = PBXShellScriptBuildPhase;
			buildActionMask = 2147483647;
			files = (
			);
			inputPaths = (
				"${PODS_PODFILE_DIR_PATH}/Podfile.lock",
				"${PODS_ROOT}/Manifest.lock",
			);
			name = "[CP] Check Pods Manifest.lock";
			outputPaths = (
				"$(DERIVED_FILE_DIR)/Pods-OsirisIOS-checkManifestLockResult.txt",
			);
			runOnlyForDeploymentPostprocessing = 0;
			shellPath = /bin/sh;
			shellScript = "diff \"${PODS_PODFILE_DIR_PATH}/Podfile.lock\" \"${PODS_ROOT}/Manifest.lock\" > /dev/null\nif [ $? != 0 ] ; then\n    # print error to STDERR\n    echo \"error: The sandbox is not in sync with the Podfile.lock. Run 'pod install' or update your CocoaPods installation.\" >&2\n    exit 1\nfi\n# This output is used by Xcode 'outputs' to avoid re-running this script phase.\necho \"SUCCESS\" > \"${SCRIPT_OUTPUT_FILE_0}\"\n";
			showEnvVarsInLog = 0;
		};
		C6EE188B32E3A81FA394C760 /* [CP] Embed Pods Frameworks */ = {
			isa = PBXShellScriptBuildPhase;
			buildActionMask = 2147483647;
			files = (
			);
			inputPaths = (
			);
			name = "[CP] Embed Pods Frameworks";
			outputPaths = (
			);
			runOnlyForDeploymentPostprocessing = 0;
			shellPath = /bin/sh;
			shellScript = "\"${SRCROOT}/Pods/Target Support Files/Pods-OsirisIOSTests/Pods-OsirisIOSTests-frameworks.sh\"\n";
			showEnvVarsInLog = 0;
		};
		D9DEF69DB9892095152BBBA2 /* [CP] Check Pods Manifest.lock */ = {
			isa = PBXShellScriptBuildPhase;
			buildActionMask = 2147483647;
			files = (
			);
			inputPaths = (
				"${PODS_PODFILE_DIR_PATH}/Podfile.lock",
				"${PODS_ROOT}/Manifest.lock",
			);
			name = "[CP] Check Pods Manifest.lock";
			outputPaths = (
				"$(DERIVED_FILE_DIR)/Pods-OsirisIOSTests-checkManifestLockResult.txt",
			);
			runOnlyForDeploymentPostprocessing = 0;
			shellPath = /bin/sh;
			shellScript = "diff \"${PODS_PODFILE_DIR_PATH}/Podfile.lock\" \"${PODS_ROOT}/Manifest.lock\" > /dev/null\nif [ $? != 0 ] ; then\n    # print error to STDERR\n    echo \"error: The sandbox is not in sync with the Podfile.lock. Run 'pod install' or update your CocoaPods installation.\" >&2\n    exit 1\nfi\n# This output is used by Xcode 'outputs' to avoid re-running this script phase.\necho \"SUCCESS\" > \"${SCRIPT_OUTPUT_FILE_0}\"\n";
			showEnvVarsInLog = 0;
		};
		DB09F69038EE93C52105FABF /* [CP] Check Pods Manifest.lock */ = {
			isa = PBXShellScriptBuildPhase;
			buildActionMask = 2147483647;
			files = (
			);
			inputPaths = (
				"${PODS_PODFILE_DIR_PATH}/Podfile.lock",
				"${PODS_ROOT}/Manifest.lock",
			);
			name = "[CP] Check Pods Manifest.lock";
			outputPaths = (
				"$(DERIVED_FILE_DIR)/Pods-OsirisIOSUITests-checkManifestLockResult.txt",
			);
			runOnlyForDeploymentPostprocessing = 0;
			shellPath = /bin/sh;
			shellScript = "diff \"${PODS_PODFILE_DIR_PATH}/Podfile.lock\" \"${PODS_ROOT}/Manifest.lock\" > /dev/null\nif [ $? != 0 ] ; then\n    # print error to STDERR\n    echo \"error: The sandbox is not in sync with the Podfile.lock. Run 'pod install' or update your CocoaPods installation.\" >&2\n    exit 1\nfi\n# This output is used by Xcode 'outputs' to avoid re-running this script phase.\necho \"SUCCESS\" > \"${SCRIPT_OUTPUT_FILE_0}\"\n";
			showEnvVarsInLog = 0;
		};
		E1C833B82054F5C4001BFE53 /* ShellScript */ = {
			isa = PBXShellScriptBuildPhase;
			buildActionMask = 2147483647;
			files = (
			);
			inputPaths = (
			);
			outputPaths = (
			);
			runOnlyForDeploymentPostprocessing = 0;
			shellPath = /bin/sh;
			shellScript = "if which swiftlint >/dev/null; then\n    swiftlint\nelse\n    echo \"warning: SwiftLint not installed, download from https://github.com/realm/SwiftLint\"\nfi";
		};
		FD9316519A1FF707AD7D9CDE /* [CP] Copy Pods Resources */ = {
			isa = PBXShellScriptBuildPhase;
			buildActionMask = 2147483647;
			files = (
			);
			inputPaths = (
			);
			name = "[CP] Copy Pods Resources";
			outputPaths = (
			);
			runOnlyForDeploymentPostprocessing = 0;
			shellPath = /bin/sh;
			shellScript = "\"${SRCROOT}/Pods/Target Support Files/Pods-OsirisIOSTests/Pods-OsirisIOSTests-resources.sh\"\n";
			showEnvVarsInLog = 0;
		};
/* End PBXShellScriptBuildPhase section */

/* Begin PBXSourcesBuildPhase section */
		E1C8337D20549008001BFE53 /* Sources */ = {
			isa = PBXSourcesBuildPhase;
			buildActionMask = 2147483647;
			files = (
				E1C8338720549008001BFE53 /* ViewController.swift in Sources */,
				E1C833B52054B825001BFE53 /* DisplayCharacterViewController.swift in Sources */,
				E1C833B32054B814001BFE53 /* SelectionViewController.swift in Sources */,
				E1C833B72054B8E6001BFE53 /* User.swift in Sources */,
				E1C8338520549008001BFE53 /* AppDelegate.swift in Sources */,
			);
			runOnlyForDeploymentPostprocessing = 0;
		};
		E1C8339120549008001BFE53 /* Sources */ = {
			isa = PBXSourcesBuildPhase;
			buildActionMask = 2147483647;
			files = (
				E1C8339A20549008001BFE53 /* OsirisIOSTests.swift in Sources */,
			);
			runOnlyForDeploymentPostprocessing = 0;
		};
		E1C8339C20549008001BFE53 /* Sources */ = {
			isa = PBXSourcesBuildPhase;
			buildActionMask = 2147483647;
			files = (
				E1C833A520549008001BFE53 /* OsirisIOSUITests.swift in Sources */,
			);
			runOnlyForDeploymentPostprocessing = 0;
		};
/* End PBXSourcesBuildPhase section */

/* Begin PBXTargetDependency section */
		E1C8339720549008001BFE53 /* PBXTargetDependency */ = {
			isa = PBXTargetDependency;
			target = E1C8338020549008001BFE53 /* OsirisIOS */;
			targetProxy = E1C8339620549008001BFE53 /* PBXContainerItemProxy */;
		};
		E1C833A220549008001BFE53 /* PBXTargetDependency */ = {
			isa = PBXTargetDependency;
			target = E1C8338020549008001BFE53 /* OsirisIOS */;
			targetProxy = E1C833A120549008001BFE53 /* PBXContainerItemProxy */;
		};
/* End PBXTargetDependency section */

/* Begin PBXVariantGroup section */
		E1C8338820549008001BFE53 /* Main.storyboard */ = {
			isa = PBXVariantGroup;
			children = (
				E1C8338920549008001BFE53 /* Base */,
			);
			name = Main.storyboard;
			sourceTree = "<group>";
		};
		E1C8338D20549008001BFE53 /* LaunchScreen.storyboard */ = {
			isa = PBXVariantGroup;
			children = (
				E1C8338E20549008001BFE53 /* Base */,
			);
			name = LaunchScreen.storyboard;
			sourceTree = "<group>";
		};
/* End PBXVariantGroup section */

/* Begin XCBuildConfiguration section */
		E1C833A720549008001BFE53 /* Debug */ = {
			isa = XCBuildConfiguration;
			buildSettings = {
				ALWAYS_SEARCH_USER_PATHS = NO;
				CLANG_ANALYZER_NONNULL = YES;
				CLANG_ANALYZER_NUMBER_OBJECT_CONVERSION = YES_AGGRESSIVE;
				CLANG_CXX_LANGUAGE_STANDARD = "gnu++14";
				CLANG_CXX_LIBRARY = "libc++";
				CLANG_ENABLE_MODULES = YES;
				CLANG_ENABLE_OBJC_ARC = YES;
				CLANG_WARN_BLOCK_CAPTURE_AUTORELEASING = YES;
				CLANG_WARN_BOOL_CONVERSION = YES;
				CLANG_WARN_COMMA = YES;
				CLANG_WARN_CONSTANT_CONVERSION = YES;
				CLANG_WARN_DIRECT_OBJC_ISA_USAGE = YES_ERROR;
				CLANG_WARN_DOCUMENTATION_COMMENTS = YES;
				CLANG_WARN_EMPTY_BODY = YES;
				CLANG_WARN_ENUM_CONVERSION = YES;
				CLANG_WARN_INFINITE_RECURSION = YES;
				CLANG_WARN_INT_CONVERSION = YES;
				CLANG_WARN_NON_LITERAL_NULL_CONVERSION = YES;
				CLANG_WARN_OBJC_LITERAL_CONVERSION = YES;
				CLANG_WARN_OBJC_ROOT_CLASS = YES_ERROR;
				CLANG_WARN_RANGE_LOOP_ANALYSIS = YES;
				CLANG_WARN_STRICT_PROTOTYPES = YES;
				CLANG_WARN_SUSPICIOUS_MOVE = YES;
				CLANG_WARN_UNGUARDED_AVAILABILITY = YES_AGGRESSIVE;
				CLANG_WARN_UNREACHABLE_CODE = YES;
				CLANG_WARN__DUPLICATE_METHOD_MATCH = YES;
				CODE_SIGN_IDENTITY = "iPhone Developer";
				COPY_PHASE_STRIP = NO;
				DEBUG_INFORMATION_FORMAT = dwarf;
				ENABLE_STRICT_OBJC_MSGSEND = YES;
				ENABLE_TESTABILITY = YES;
				GCC_C_LANGUAGE_STANDARD = gnu11;
				GCC_DYNAMIC_NO_PIC = NO;
				GCC_NO_COMMON_BLOCKS = YES;
				GCC_OPTIMIZATION_LEVEL = 0;
				GCC_PREPROCESSOR_DEFINITIONS = (
					"DEBUG=1",
					"$(inherited)",
				);
				GCC_WARN_64_TO_32_BIT_CONVERSION = YES;
				GCC_WARN_ABOUT_RETURN_TYPE = YES_ERROR;
				GCC_WARN_UNDECLARED_SELECTOR = YES;
				GCC_WARN_UNINITIALIZED_AUTOS = YES_AGGRESSIVE;
				GCC_WARN_UNUSED_FUNCTION = YES;
				GCC_WARN_UNUSED_VARIABLE = YES;
				IPHONEOS_DEPLOYMENT_TARGET = 11.2;
				MTL_ENABLE_DEBUG_INFO = YES;
				ONLY_ACTIVE_ARCH = YES;
				SDKROOT = iphoneos;
				SWIFT_ACTIVE_COMPILATION_CONDITIONS = DEBUG;
				SWIFT_OPTIMIZATION_LEVEL = "-Onone";
			};
			name = Debug;
		};
		E1C833A820549008001BFE53 /* Release */ = {
			isa = XCBuildConfiguration;
			buildSettings = {
				ALWAYS_SEARCH_USER_PATHS = NO;
				CLANG_ANALYZER_NONNULL = YES;
				CLANG_ANALYZER_NUMBER_OBJECT_CONVERSION = YES_AGGRESSIVE;
				CLANG_CXX_LANGUAGE_STANDARD = "gnu++14";
				CLANG_CXX_LIBRARY = "libc++";
				CLANG_ENABLE_MODULES = YES;
				CLANG_ENABLE_OBJC_ARC = YES;
				CLANG_WARN_BLOCK_CAPTURE_AUTORELEASING = YES;
				CLANG_WARN_BOOL_CONVERSION = YES;
				CLANG_WARN_COMMA = YES;
				CLANG_WARN_CONSTANT_CONVERSION = YES;
				CLANG_WARN_DIRECT_OBJC_ISA_USAGE = YES_ERROR;
				CLANG_WARN_DOCUMENTATION_COMMENTS = YES;
				CLANG_WARN_EMPTY_BODY = YES;
				CLANG_WARN_ENUM_CONVERSION = YES;
				CLANG_WARN_INFINITE_RECURSION = YES;
				CLANG_WARN_INT_CONVERSION = YES;
				CLANG_WARN_NON_LITERAL_NULL_CONVERSION = YES;
				CLANG_WARN_OBJC_LITERAL_CONVERSION = YES;
				CLANG_WARN_OBJC_ROOT_CLASS = YES_ERROR;
				CLANG_WARN_RANGE_LOOP_ANALYSIS = YES;
				CLANG_WARN_STRICT_PROTOTYPES = YES;
				CLANG_WARN_SUSPICIOUS_MOVE = YES;
				CLANG_WARN_UNGUARDED_AVAILABILITY = YES_AGGRESSIVE;
				CLANG_WARN_UNREACHABLE_CODE = YES;
				CLANG_WARN__DUPLICATE_METHOD_MATCH = YES;
				CODE_SIGN_IDENTITY = "iPhone Developer";
				COPY_PHASE_STRIP = NO;
				DEBUG_INFORMATION_FORMAT = "dwarf-with-dsym";
				ENABLE_NS_ASSERTIONS = NO;
				ENABLE_STRICT_OBJC_MSGSEND = YES;
				GCC_C_LANGUAGE_STANDARD = gnu11;
				GCC_NO_COMMON_BLOCKS = YES;
				GCC_WARN_64_TO_32_BIT_CONVERSION = YES;
				GCC_WARN_ABOUT_RETURN_TYPE = YES_ERROR;
				GCC_WARN_UNDECLARED_SELECTOR = YES;
				GCC_WARN_UNINITIALIZED_AUTOS = YES_AGGRESSIVE;
				GCC_WARN_UNUSED_FUNCTION = YES;
				GCC_WARN_UNUSED_VARIABLE = YES;
				IPHONEOS_DEPLOYMENT_TARGET = 11.2;
				MTL_ENABLE_DEBUG_INFO = NO;
				SDKROOT = iphoneos;
				SWIFT_OPTIMIZATION_LEVEL = "-Owholemodule";
				VALIDATE_PRODUCT = YES;
			};
			name = Release;
		};
		E1C833AA20549008001BFE53 /* Debug */ = {
			isa = XCBuildConfiguration;
			baseConfigurationReference = A2EA0C059C21AF881F11380B /* Pods-OsirisIOS.debug.xcconfig */;
			buildSettings = {
				ASSETCATALOG_COMPILER_APPICON_NAME = AppIcon;
				CODE_SIGN_STYLE = Automatic;
				DEVELOPMENT_TEAM = 3V593WX43L;
				FRAMEWORK_SEARCH_PATHS = (
					"$(inherited)",
					"$(PROJECT_DIR)/Framework",
					"$(PROJECT_DIR)",
				);
				INFOPLIST_FILE = OsirisIOS/Info.plist;
				IPHONEOS_DEPLOYMENT_TARGET = 11.0;
				LD_RUNPATH_SEARCH_PATHS = "$(inherited) @executable_path/Frameworks";
				PRODUCT_BUNDLE_IDENTIFIER = TheCodex.OsirisIOS;
				PRODUCT_NAME = "$(TARGET_NAME)";
				"SWIFT_OBJC_BRIDGING_HEADER[arch=*]" = "$(PROJECT_DIR)/OsirisIOS/OpenEarsHeader.h";
				SWIFT_VERSION = 4.0;
				TARGETED_DEVICE_FAMILY = "1,2";
			};
			name = Debug;
		};
		E1C833AB20549008001BFE53 /* Release */ = {
			isa = XCBuildConfiguration;
			baseConfigurationReference = 9A8B75E6F09156AED3049738 /* Pods-OsirisIOS.release.xcconfig */;
			buildSettings = {
				ASSETCATALOG_COMPILER_APPICON_NAME = AppIcon;
				CODE_SIGN_STYLE = Automatic;
				DEVELOPMENT_TEAM = 3V593WX43L;
				FRAMEWORK_SEARCH_PATHS = (
					"$(inherited)",
					"$(PROJECT_DIR)/Framework",
					"$(PROJECT_DIR)",
				);
				INFOPLIST_FILE = OsirisIOS/Info.plist;
				IPHONEOS_DEPLOYMENT_TARGET = 11.0;
				LD_RUNPATH_SEARCH_PATHS = "$(inherited) @executable_path/Frameworks";
				PRODUCT_BUNDLE_IDENTIFIER = TheCodex.OsirisIOS;
				PRODUCT_NAME = "$(TARGET_NAME)";
				"SWIFT_OBJC_BRIDGING_HEADER[arch=*]" = "$(PROJECT_DIR)/OsirisIOS/OpenEarsHeader.h";
				SWIFT_VERSION = 4.0;
				TARGETED_DEVICE_FAMILY = "1,2";
			};
			name = Release;
		};
		E1C833AD20549008001BFE53 /* Debug */ = {
			isa = XCBuildConfiguration;
			baseConfigurationReference = 5ECAB222949447FA471B8194 /* Pods-OsirisIOSTests.debug.xcconfig */;
			buildSettings = {
				ALWAYS_EMBED_SWIFT_STANDARD_LIBRARIES = YES;
				BUNDLE_LOADER = "$(TEST_HOST)";
				CODE_SIGN_STYLE = Automatic;
				DEVELOPMENT_TEAM = 3V593WX43L;
				INFOPLIST_FILE = OsirisIOSTests/Info.plist;
				LD_RUNPATH_SEARCH_PATHS = "$(inherited) @executable_path/Frameworks @loader_path/Frameworks";
				PRODUCT_BUNDLE_IDENTIFIER = TheCodex.OsirisIOSTests;
				PRODUCT_NAME = "$(TARGET_NAME)";
				SWIFT_VERSION = 4.0;
				TARGETED_DEVICE_FAMILY = "1,2";
				TEST_HOST = "$(BUILT_PRODUCTS_DIR)/OsirisIOS.app/OsirisIOS";
			};
			name = Debug;
		};
		E1C833AE20549008001BFE53 /* Release */ = {
			isa = XCBuildConfiguration;
			baseConfigurationReference = DE3CD1A062715DA8698A784F /* Pods-OsirisIOSTests.release.xcconfig */;
			buildSettings = {
				ALWAYS_EMBED_SWIFT_STANDARD_LIBRARIES = YES;
				BUNDLE_LOADER = "$(TEST_HOST)";
				CODE_SIGN_STYLE = Automatic;
				DEVELOPMENT_TEAM = 3V593WX43L;
				INFOPLIST_FILE = OsirisIOSTests/Info.plist;
				LD_RUNPATH_SEARCH_PATHS = "$(inherited) @executable_path/Frameworks @loader_path/Frameworks";
				PRODUCT_BUNDLE_IDENTIFIER = TheCodex.OsirisIOSTests;
				PRODUCT_NAME = "$(TARGET_NAME)";
				SWIFT_VERSION = 4.0;
				TARGETED_DEVICE_FAMILY = "1,2";
				TEST_HOST = "$(BUILT_PRODUCTS_DIR)/OsirisIOS.app/OsirisIOS";
			};
			name = Release;
		};
		E1C833B020549008001BFE53 /* Debug */ = {
			isa = XCBuildConfiguration;
			baseConfigurationReference = EBBBCF2844FACA71FEABD290 /* Pods-OsirisIOSUITests.debug.xcconfig */;
			buildSettings = {
				ALWAYS_EMBED_SWIFT_STANDARD_LIBRARIES = YES;
				CODE_SIGN_STYLE = Automatic;
				DEVELOPMENT_TEAM = 3V593WX43L;
				INFOPLIST_FILE = OsirisIOSUITests/Info.plist;
				LD_RUNPATH_SEARCH_PATHS = "$(inherited) @executable_path/Frameworks @loader_path/Frameworks";
				PRODUCT_BUNDLE_IDENTIFIER = TheCodex.OsirisIOSUITests;
				PRODUCT_NAME = "$(TARGET_NAME)";
				SWIFT_VERSION = 4.0;
				TARGETED_DEVICE_FAMILY = "1,2";
				TEST_TARGET_NAME = OsirisIOS;
			};
			name = Debug;
		};
		E1C833B120549008001BFE53 /* Release */ = {
			isa = XCBuildConfiguration;
			baseConfigurationReference = CC0D4729EFC4DF8EA5812873 /* Pods-OsirisIOSUITests.release.xcconfig */;
			buildSettings = {
				ALWAYS_EMBED_SWIFT_STANDARD_LIBRARIES = YES;
				CODE_SIGN_STYLE = Automatic;
				DEVELOPMENT_TEAM = 3V593WX43L;
				INFOPLIST_FILE = OsirisIOSUITests/Info.plist;
				LD_RUNPATH_SEARCH_PATHS = "$(inherited) @executable_path/Frameworks @loader_path/Frameworks";
				PRODUCT_BUNDLE_IDENTIFIER = TheCodex.OsirisIOSUITests;
				PRODUCT_NAME = "$(TARGET_NAME)";
				SWIFT_VERSION = 4.0;
				TARGETED_DEVICE_FAMILY = "1,2";
				TEST_TARGET_NAME = OsirisIOS;
			};
			name = Release;
		};
/* End XCBuildConfiguration section */

/* Begin XCConfigurationList section */
		E1C8337C20549008001BFE53 /* Build configuration list for PBXProject "OsirisIOS" */ = {
			isa = XCConfigurationList;
			buildConfigurations = (
				E1C833A720549008001BFE53 /* Debug */,
				E1C833A820549008001BFE53 /* Release */,
			);
			defaultConfigurationIsVisible = 0;
			defaultConfigurationName = Release;
		};
		E1C833A920549008001BFE53 /* Build configuration list for PBXNativeTarget "OsirisIOS" */ = {
			isa = XCConfigurationList;
			buildConfigurations = (
				E1C833AA20549008001BFE53 /* Debug */,
				E1C833AB20549008001BFE53 /* Release */,
			);
			defaultConfigurationIsVisible = 0;
			defaultConfigurationName = Release;
		};
		E1C833AC20549008001BFE53 /* Build configuration list for PBXNativeTarget "OsirisIOSTests" */ = {
			isa = XCConfigurationList;
			buildConfigurations = (
				E1C833AD20549008001BFE53 /* Debug */,
				E1C833AE20549008001BFE53 /* Release */,
			);
			defaultConfigurationIsVisible = 0;
			defaultConfigurationName = Release;
		};
		E1C833AF20549008001BFE53 /* Build configuration list for PBXNativeTarget "OsirisIOSUITests" */ = {
			isa = XCConfigurationList;
			buildConfigurations = (
				E1C833B020549008001BFE53 /* Debug */,
				E1C833B120549008001BFE53 /* Release */,
			);
			defaultConfigurationIsVisible = 0;
			defaultConfigurationName = Release;
		};
/* End XCConfigurationList section */
	};
	rootObject = E1C8337920549008001BFE53 /* Project object */;
}
